
Microsoft Visual Studio Solution File, Format Version 12.00
# Visual Studio Version 17
VisualStudioVersion = 17.1.32328.378
MinimumVisualStudioVersion = 10.0.40219.1
Project("{FAE04EC0-301F-11D3-BF4B-00C04F79EFBC}") = "Identity", "Identity\Identity.csproj", "{954141B8-64CC-42C0-B964-A702545F2116}"
EndProject
Global
	GlobalSection(SolutionConfigurationPlatforms) = preSolution
		Debug|Any CPU = Debug|Any CPU
		Release|Any CPU = Release|Any CPU
	EndGlobalSection
	GlobalSection(ProjectConfigurationPlatforms) = postSolution
		{954141B8-64CC-42C0-B964-A702545F2116}.Debug|Any CPU.ActiveCfg = Debug|Any CPU
		{954141B8-64CC-42C0-B964-A702545F2116}.Debug|Any CPU.Build.0 = Debug|Any CPU
		{954141B8-64CC-42C0-B964-A702545F2116}.Release|Any CPU.ActiveCfg = Release|Any CPU
		{954141B8-64CC-42C0-B964-A702545F2116}.Release|Any CPU.Build.0 = Release|Any CPU
	EndGlobalSection
	GlobalSection(SolutionProperties) = preSolution
		HideSolutionNode = FALSE
	EndGlobalSection
	GlobalSection(ExtensibilityGlobals) = postSolution
		SolutionGuid = {32AA1708-9F54-41C1-9B4E-628B0FF5E225}
	EndGlobalSection
EndGlobal
